{
  "name": "slidev-theme-nearform",
  "version": "1.4.0",
  "lockfileVersion": 2,
  "requires": true,
  "packages": {
    "": {
      "name": "slidev-theme-nearform",
      "version": "1.4.0",
      "license": "MIT",
      "dependencies": {
        "@slidev/types": "^0.29.2",
        "codemirror-theme-vars": "^0.1.1",
        "prism-theme-vars": "^0.2.2",
        "theme-vitesse": "^0.2.2"
      },
      "engines": {
        "node": ">=14.0.0",
        "slidev": ">=0.19.3"
      }
    },
    "node_modules/@slidev/types": {
      "version": "0.29.2",
      "resolved": "https://registry.npmjs.org/@slidev/types/-/types-0.29.2.tgz",
      "integrity": "sha512-8S7WCO1WTjFpjxIZxEgb+tn5XumpCAFcBVT01BI4N7g8rPYpWzMxKym/kSysCfti/VAYjtyX5ztx/HEzwtMiUw==",
      "engines": {
        "node": ">=14.0.0"
      },
      "funding": {
        "url": "https://github.com/sponsors/antfu"
      }
    },
    "node_modules/codemirror-theme-vars": {
      "version": "0.1.1",
      "resolved": "https://registry.npmjs.org/codemirror-theme-vars/-/codemirror-theme-vars-0.1.1.tgz",
      "integrity": "sha512-Au0Ysn6tUMZB/1Jd5S8g4Or1kZxTuTnNx6MVs9H46Ad7w8IEjkHusH+4oyia/FBcVuAJO4DIlkDnPM8Qnnf1rg==",
      "funding": {
        "url": "https://github.com/sponsors/antfu"
      }
    },
    "node_modules/prism-theme-vars": {
      "version": "0.2.2",
      "resolved": "https://registry.npmjs.org/prism-theme-vars/-/prism-theme-vars-0.2.2.tgz",
      "integrity": "sha512-EL9ifuU/F8tEldoCa2sspiiLWysCL54xDbf2gN/ubwdtbuJROqOGopG5kSwunapwaioT+jLUQ/Ky+7jnv62xJA==",
      "funding": {
        "url": "https://github.com/sponsors/antfu"
      }
    },
    "node_modules/theme-vitesse": {
      "version": "0.2.2",
      "resolved": "https://registry.npmjs.org/theme-vitesse/-/theme-vitesse-0.2.2.tgz",
      "integrity": "sha512-xuo2Ez2tLIWrXNeCEeQQOd287GfzdPy2Q+QV8QX/P76su7lwZecJxbsHNK79KtCuzo59mbNruvhKgy9p0bg2aw==",
      "engines": {
        "vscode": "^1.43.0"
      }
    }
  },
  "dependencies": {
    "@slidev/types": {
      "version": "0.29.2",
      "resolved": "https://registry.npmjs.org/@slidev/types/-/types-0.29.2.tgz",
      "integrity": "sha512-8S7WCO1WTjFpjxIZxEgb+tn5XumpCAFcBVT01BI4N7g8rPYpWzMxKym/kSysCfti/VAYjtyX5ztx/HEzwtMiUw=="
    },
    "codemirror-theme-vars": {
      "version": "0.1.1",
      "resolved": "https://registry.npmjs.org/codemirror-theme-vars/-/codemirror-theme-vars-0.1.1.tgz",
      "integrity": "sha512-Au0Ysn6tUMZB/1Jd5S8g4Or1kZxTuTnNx6MVs9H46Ad7w8IEjkHusH+4oyia/FBcVuAJO4DIlkDnPM8Qnnf1rg=="
    },
    "prism-theme-vars": {
      "version": "0.2.2",
      "resolved": "https://registry.npmjs.org/prism-theme-vars/-/prism-theme-vars-0.2.2.tgz",
      "integrity": "sha512-EL9ifuU/F8tEldoCa2sspiiLWysCL54xDbf2gN/ubwdtbuJROqOGopG5kSwunapwaioT+jLUQ/Ky+7jnv62xJA=="
    },
    "theme-vitesse": {
      "version": "0.2.2",
      "resolved": "https://registry.npmjs.org/theme-vitesse/-/theme-vitesse-0.2.2.tgz",
      "integrity": "sha512-xuo2Ez2tLIWrXNeCEeQQOd287GfzdPy2Q+QV8QX/P76su7lwZecJxbsHNK79KtCuzo59mbNruvhKgy9p0bg2aw=="
    }
  }
}
