{
  "name": "slidev-theme-nearform",
  "version": "1.5.5",
  "lockfileVersion": 2,
  "requires": true,
  "packages": {
    "": {
      "name": "slidev-theme-nearform",
      "version": "1.5.5",
      "license": "MIT",
      "dependencies": {
        "@slidev/types": "^0.42.0",
        "codemirror-theme-vars": "^0.1.1",
        "prism-theme-vars": "^0.2.2",
        "theme-vitesse": "^0.7.2"
      },
      "engines": {
        "node": ">=14.0.0",
        "slidev": ">=0.19.3"
      }
    },
    "node_modules/@slidev/types": {
      "version": "0.42.3",
      "resolved": "https://registry.npmjs.org/@slidev/types/-/types-0.42.3.tgz",
      "integrity": "sha512-r0REpEUI7hLHjzuRcRnzrfCj1jHze+D3QBQtlImceNS5A5Vtj0/YS1WZPmVWananZJtzkHmbJs3ipjZNDrU6ng==",
      "engines": {
        "node": ">=14.0.0"
      },
      "funding": {
        "url": "https://github.com/sponsors/antfu"
      }
    },
    "node_modules/codemirror-theme-vars": {
      "version": "0.1.2",
      "resolved": "https://registry.npmjs.org/codemirror-theme-vars/-/codemirror-theme-vars-0.1.2.tgz",
      "integrity": "sha512-WTau8X2q58b0SOAY9DO+iQVw8JKVEgyQIqArp2D732tcc+pobbMta3bnVMdQdmgwuvNrOFFr6HoxPRoQOgooFA==",
      "funding": {
        "url": "https://github.com/sponsors/antfu"
      }
    },
    "node_modules/prism-theme-vars": {
      "version": "0.2.4",
      "resolved": "https://registry.npmjs.org/prism-theme-vars/-/prism-theme-vars-0.2.4.tgz",
      "integrity": "sha512-B3Pht+GCT87sZph7hMRLlCQXzCM0awW7Rhk08RavpqRW4LEQOeqN0uMG4QCWkul2tr8PB61YAOJGUrEW+1uuJA==",
      "funding": {
        "url": "https://github.com/sponsors/antfu"
      }
    },
    "node_modules/theme-vitesse": {
      "version": "0.7.2",
      "resolved": "https://registry.npmjs.org/theme-vitesse/-/theme-vitesse-0.7.2.tgz",
      "integrity": "sha512-e214q5dCGCkjORY0el6lz+JEmZIR1HQOnGhKehMYh0jJaZgqbPKbwHIULsBvQsUM4Q+ZX0AzBgKbUU2UksYOCg==",
      "engines": {
        "vscode": "^1.43.0"
      }
    }
  },
  "dependencies": {
    "@slidev/types": {
      "version": "0.42.3",
      "resolved": "https://registry.npmjs.org/@slidev/types/-/types-0.42.3.tgz",
      "integrity": "sha512-r0REpEUI7hLHjzuRcRnzrfCj1jHze+D3QBQtlImceNS5A5Vtj0/YS1WZPmVWananZJtzkHmbJs3ipjZNDrU6ng=="
    },
    "codemirror-theme-vars": {
      "version": "0.1.2",
      "resolved": "https://registry.npmjs.org/codemirror-theme-vars/-/codemirror-theme-vars-0.1.2.tgz",
      "integrity": "sha512-WTau8X2q58b0SOAY9DO+iQVw8JKVEgyQIqArp2D732tcc+pobbMta3bnVMdQdmgwuvNrOFFr6HoxPRoQOgooFA=="
    },
    "prism-theme-vars": {
      "version": "0.2.4",
      "resolved": "https://registry.npmjs.org/prism-theme-vars/-/prism-theme-vars-0.2.4.tgz",
      "integrity": "sha512-B3Pht+GCT87sZph7hMRLlCQXzCM0awW7Rhk08RavpqRW4LEQOeqN0uMG4QCWkul2tr8PB61YAOJGUrEW+1uuJA=="
    },
    "theme-vitesse": {
      "version": "0.7.2",
      "resolved": "https://registry.npmjs.org/theme-vitesse/-/theme-vitesse-0.7.2.tgz",
      "integrity": "sha512-e214q5dCGCkjORY0el6lz+JEmZIR1HQOnGhKehMYh0jJaZgqbPKbwHIULsBvQsUM4Q+ZX0AzBgKbUU2UksYOCg=="
    }
  }
}
