{
  "name": "slidev-theme-nearform",
  "version": "1.4.2",
  "lockfileVersion": 2,
  "requires": true,
  "packages": {
    "": {
      "name": "slidev-theme-nearform",
      "version": "1.4.2",
      "license": "MIT",
      "dependencies": {
        "@slidev/types": "^0.34.1",
        "codemirror-theme-vars": "^0.1.1",
        "prism-theme-vars": "^0.2.2",
        "theme-vitesse": "^0.5.0"
      },
      "engines": {
        "node": ">=14.0.0",
        "slidev": ">=0.19.3"
      }
    },
    "node_modules/@slidev/types": {
      "version": "0.34.3",
      "resolved": "https://registry.npmjs.org/@slidev/types/-/types-0.34.3.tgz",
      "integrity": "sha512-yzjy2eOEL2XjyWai1kbfEF8I53Ue9xXRX+uLxXXPVLg+2G/62/3KBZ9lRPvFctJI/Im1VHK5pUtUSstV1QQZOg==",
      "engines": {
        "node": ">=14.0.0"
      },
      "funding": {
        "url": "https://github.com/sponsors/antfu"
      }
    },
    "node_modules/codemirror-theme-vars": {
      "version": "0.1.1",
      "resolved": "https://registry.npmjs.org/codemirror-theme-vars/-/codemirror-theme-vars-0.1.1.tgz",
      "integrity": "sha512-Au0Ysn6tUMZB/1Jd5S8g4Or1kZxTuTnNx6MVs9H46Ad7w8IEjkHusH+4oyia/FBcVuAJO4DIlkDnPM8Qnnf1rg==",
      "funding": {
        "url": "https://github.com/sponsors/antfu"
      }
    },
    "node_modules/prism-theme-vars": {
      "version": "0.2.3",
      "resolved": "https://registry.npmjs.org/prism-theme-vars/-/prism-theme-vars-0.2.3.tgz",
      "integrity": "sha512-lpRg8GWfxu38m4rZwjrvOxeHlmL4tERhe9sTjrC47HMu6uCEch3bLUQVNlISoEq9Z24g5Xm+B7AKdyiKSevktg==",
      "funding": {
        "url": "https://github.com/sponsors/antfu"
      }
    },
    "node_modules/theme-vitesse": {
      "version": "0.5.0",
      "resolved": "https://registry.npmjs.org/theme-vitesse/-/theme-vitesse-0.5.0.tgz",
      "integrity": "sha512-kSqCawBwhDhWBDYupmUqeW8q4qb37HW2nS0dCiKpPRHvRaW8rJPYfjmeDwBjcZJ1tXHl1LrKKaz+5uOOiAo2hw==",
      "engines": {
        "vscode": "^1.43.0"
      }
    }
  },
  "dependencies": {
    "@slidev/types": {
      "version": "0.34.3",
      "resolved": "https://registry.npmjs.org/@slidev/types/-/types-0.34.3.tgz",
      "integrity": "sha512-yzjy2eOEL2XjyWai1kbfEF8I53Ue9xXRX+uLxXXPVLg+2G/62/3KBZ9lRPvFctJI/Im1VHK5pUtUSstV1QQZOg=="
    },
    "codemirror-theme-vars": {
      "version": "0.1.1",
      "resolved": "https://registry.npmjs.org/codemirror-theme-vars/-/codemirror-theme-vars-0.1.1.tgz",
      "integrity": "sha512-Au0Ysn6tUMZB/1Jd5S8g4Or1kZxTuTnNx6MVs9H46Ad7w8IEjkHusH+4oyia/FBcVuAJO4DIlkDnPM8Qnnf1rg=="
    },
    "prism-theme-vars": {
      "version": "0.2.3",
      "resolved": "https://registry.npmjs.org/prism-theme-vars/-/prism-theme-vars-0.2.3.tgz",
      "integrity": "sha512-lpRg8GWfxu38m4rZwjrvOxeHlmL4tERhe9sTjrC47HMu6uCEch3bLUQVNlISoEq9Z24g5Xm+B7AKdyiKSevktg=="
    },
    "theme-vitesse": {
      "version": "0.5.0",
      "resolved": "https://registry.npmjs.org/theme-vitesse/-/theme-vitesse-0.5.0.tgz",
      "integrity": "sha512-kSqCawBwhDhWBDYupmUqeW8q4qb37HW2nS0dCiKpPRHvRaW8rJPYfjmeDwBjcZJ1tXHl1LrKKaz+5uOOiAo2hw=="
    }
  }
}
